
Microsoft Visual Studio Solution File, Format Version 12.00
# Visual Studio Version 16
VisualStudioVersion = 16.0.30804.86
MinimumVisualStudioVersion = 10.0.40219.1
Project("{FAE04EC0-301F-11D3-BF4B-00C04F79EFBC}") = "LastWPFProject", "LastWPFProject\LastWPFProject.csproj", "{C6379B93-F3E8-4153-BD4D-60DAA7F428E1}"
EndProject
Project("{FAE04EC0-301F-11D3-BF4B-00C04F79EFBC}") = "Colors", "Colors\Colors.csproj", "{D858C399-5D7D-4D88-97E4-6FEB4A26CDE6}"
EndProject
Global
	GlobalSection(SolutionConfigurationPlatforms) = preSolution
		Debug|Any CPU = Debug|Any CPU
		Release|Any CPU = Release|Any CPU
	EndGlobalSection
	GlobalSection(ProjectConfigurationPlatforms) = postSolution
		{C6379B93-F3E8-4153-BD4D-60DAA7F428E1}.Debug|Any CPU.ActiveCfg = Debug|Any CPU
		{C6379B93-F3E8-4153-BD4D-60DAA7F428E1}.Debug|Any CPU.Build.0 = Debug|Any CPU
		{C6379B93-F3E8-4153-BD4D-60DAA7F428E1}.Release|Any CPU.ActiveCfg = Release|Any CPU
		{C6379B93-F3E8-4153-BD4D-60DAA7F428E1}.Release|Any CPU.Build.0 = Release|Any CPU
		{D858C399-5D7D-4D88-97E4-6FEB4A26CDE6}.Debug|Any CPU.ActiveCfg = Debug|Any CPU
		{D858C399-5D7D-4D88-97E4-6FEB4A26CDE6}.Debug|Any CPU.Build.0 = Debug|Any CPU
		{D858C399-5D7D-4D88-97E4-6FEB4A26CDE6}.Release|Any CPU.ActiveCfg = Release|Any CPU
		{D858C399-5D7D-4D88-97E4-6FEB4A26CDE6}.Release|Any CPU.Build.0 = Release|Any CPU
	EndGlobalSection
	GlobalSection(SolutionProperties) = preSolution
		HideSolutionNode = FALSE
	EndGlobalSection
	GlobalSection(ExtensibilityGlobals) = postSolution
		SolutionGuid = {555008B9-25BE-46C5-BB1C-D9BBAE65247A}
	EndGlobalSection
EndGlobal
